// !$*UTF8*$!
{
	archiveVersion = 1;
	classes = {
	};
	objectVersion = 46;
	objects = {

/* Begin PBXBuildFile section */
		1210AF2619EF09A100BBAC4B /* main.m in Sources */ = {isa = PBXBuildFile; fileRef = 1210AF2519EF09A100BBAC4B /* main.m */; };
		1210AF2919EF09A100BBAC4B /* AppDelegate.m in Sources */ = {isa = PBXBuildFile; fileRef = 1210AF2819EF09A100BBAC4B /* AppDelegate.m */; };
		1210AF2C19EF09A100BBAC4B /* ViewController.m in Sources */ = {isa = PBXBuildFile; fileRef = 1210AF2B19EF09A100BBAC4B /* ViewController.m */; };
		1210AF2F19EF09A100BBAC4B /* Main.storyboard in Resources */ = {isa = PBXBuildFile; fileRef = 1210AF2D19EF09A100BBAC4B /* Main.storyboard */; };
		1210AF3119EF09A100BBAC4B /* Images.xcassets in Resources */ = {isa = PBXBuildFile; fileRef = 1210AF3019EF09A100BBAC4B /* Images.xcassets */; };
		1210AF3419EF09A100BBAC4B /* LaunchScreen.xib in Resources */ = {isa = PBXBuildFile; fileRef = 1210AF3219EF09A100BBAC4B /* LaunchScreen.xib */; };
		1210AF4019EF09A100BBAC4B /* ZaHunterTests.m in Sources */ = {isa = PBXBuildFile; fileRef = 1210AF3F19EF09A100BBAC4B /* ZaHunterTests.m */; };
/* End PBXBuildFile section */

/* Begin PBXContainerItemProxy section */
		1210AF3A19EF09A100BBAC4B /* PBXContainerItemProxy */ = {
			isa = PBXContainerItemProxy;
			containerPortal = 1210AF1819EF09A100BBAC4B /* Project object */;
			proxyType = 1;
			remoteGlobalIDString = 1210AF1F19EF09A100BBAC4B;
			remoteInfo = ZaHunter;
		};
/* End PBXContainerItemProxy section */

/* Begin PBXFileReference section */
		1210AF2019EF09A100BBAC4B /* ZaHunter.app */ = {isa = PBXFileReference; explicitFileType = wrapper.application; includeInIndex = 0; path = ZaHunter.app; sourceTree = BUILT_PRODUCTS_DIR; };
		1210AF2419EF09A100BBAC4B /* Info.plist */ = {isa = PBXFileReference; lastKnownFileType = text.plist.xml; path = Info.plist; sourceTree = "<group>"; };
		1210AF2519EF09A100BBAC4B /* main.m */ = {isa = PBXFileReference; lastKnownFileType = sourcecode.c.objc; path = main.m; sourceTree = "<group>"; };
		1210AF2719EF09A100BBAC4B /* AppDelegate.h */ = {isa = PBXFileReference; lastKnownFileType = sourcecode.c.h; path = AppDelegate.h; sourceTree = "<group>"; };
		1210AF2819EF09A100BBAC4B /* AppDelegate.m */ = {isa = PBXFileReference; lastKnownFileType = sourcecode.c.objc; path = AppDelegate.m; sourceTree = "<group>"; };
		1210AF2A19EF09A100BBAC4B /* ViewController.h */ = {isa = PBXFileReference; lastKnownFileType = sourcecode.c.h; path = ViewController.h; sourceTree = "<group>"; };
		1210AF2B19EF09A100BBAC4B /* ViewController.m */ = {isa = PBXFileReference; lastKnownFileType = sourcecode.c.objc; path = ViewController.m; sourceTree = "<group>"; };
		1210AF2E19EF09A100BBAC4B /* Base */ = {isa = PBXFileReference; lastKnownFileType = file.storyboard; name = Base; path = Base.lproj/Main.storyboard; sourceTree = "<group>"; };
		1210AF3019EF09A100BBAC4B /* Images.xcassets */ = {isa = PBXFileReference; lastKnownFileType = folder.assetcatalog; path = Images.xcassets; sourceTree = "<group>"; };
		1210AF3319EF09A100BBAC4B /* Base */ = {isa = PBXFileReference; lastKnownFileType = file.xib; name = Base; path = Base.lproj/LaunchScreen.xib; sourceTree = "<group>"; };
		1210AF3919EF09A100BBAC4B /* ZaHunterTests.xctest */ = {isa = PBXFileReference; explicitFileType = wrapper.cfbundle; includeInIndex = 0; path = ZaHunterTests.xctest; sourceTree = BUILT_PRODUCTS_DIR; };
		1210AF3E19EF09A100BBAC4B /* Info.plist */ = {isa = PBXFileReference; lastKnownFileType = text.plist.xml; path = Info.plist; sourceTree = "<group>"; };
		1210AF3F19EF09A100BBAC4B /* ZaHunterTests.m */ = {isa = PBXFileReference; lastKnownFileType = sourcecode.c.objc; path = ZaHunterTests.m; sourceTree = "<group>"; };
/* End PBXFileReference section */

/* Begin PBXFrameworksBuildPhase section */
		1210AF1D19EF09A100BBAC4B /* Frameworks */ = {
			isa = PBXFrameworksBuildPhase;
			buildActionMask = 2147483647;
			files = (
			);
			runOnlyForDeploymentPostprocessing = 0;
		};
		1210AF3619EF09A100BBAC4B /* Frameworks */ = {
			isa = PBXFrameworksBuildPhase;
			buildActionMask = 2147483647;
			files = (
			);
			runOnlyForDeploymentPostprocessing = 0;
		};
/* End PBXFrameworksBuildPhase section */

/* Begin PBXGroup section */
		1210AF1719EF09A100BBAC4B = {
			isa = PBXGroup;
			children = (
				1210AF2219EF09A100BBAC4B /* ZaHunter */,
				1210AF3C19EF09A100BBAC4B /* ZaHunterTests */,
				1210AF2119EF09A100BBAC4B /* Products */,
			);
			sourceTree = "<group>";
		};
		1210AF2119EF09A100BBAC4B /* Products */ = {
			isa = PBXGroup;
			children = (
				1210AF2019EF09A100BBAC4B /* ZaHunter.app */,
				1210AF3919EF09A100BBAC4B /* ZaHunterTests.xctest */,
			);
			name = Products;
			sourceTree = "<group>";
		};
		1210AF2219EF09A100BBAC4B /* ZaHunter */ = {
			isa = PBXGroup;
			children = (
				1210AF2719EF09A100BBAC4B /* AppDelegate.h */,
				1210AF2819EF09A100BBAC4B /* AppDelegate.m */,
				1210AF2A19EF09A100BBAC4B /* ViewController.h */,
				1210AF2B19EF09A100BBAC4B /* ViewController.m */,
				1210AF2D19EF09A100BBAC4B /* Main.storyboard */,
				1210AF3019EF09A100BBAC4B /* Images.xcassets */,
				1210AF3219EF09A100BBAC4B /* LaunchScreen.xib */,
				1210AF2319EF09A100BBAC4B /* Supporting Files */,
			);
			path = ZaHunter;
			sourceTree = "<group>";
		};
		1210AF2319EF09A100BBAC4B /* Supporting Files */ = {
			isa = PBXGroup;
			children = (
				1210AF2419EF09A100BBAC4B /* Info.plist */,
				1210AF2519EF09A100BBAC4B /* main.m */,
			);
			name = "Supporting Files";
			sourceTree = "<group>";
		};
		1210AF3C19EF09A100BBAC4B /* ZaHunterTests */ = {
			isa = PBXGroup;
			children = (
				1210AF3F19EF09A100BBAC4B /* ZaHunterTests.m */,
				1210AF3D19EF09A100BBAC4B /* Supporting Files */,
			);
			path = ZaHunterTests;
			sourceTree = "<group>";
		};
		1210AF3D19EF09A100BBAC4B /* Supporting Files */ = {
			isa = PBXGroup;
			children = (
				1210AF3E19EF09A100BBAC4B /* Info.plist */,
			);
			name = "Supporting Files";
			sourceTree = "<group>";
		};
/* End PBXGroup section */

/* Begin PBXNativeTarget section */
		1210AF1F19EF09A100BBAC4B /* ZaHunter */ = {
			isa = PBXNativeTarget;
			buildConfigurationList = 1210AF4319EF09A100BBAC4B /* Build configuration list for PBXNativeTarget "ZaHunter" */;
			buildPhases = (
				1210AF1C19EF09A100BBAC4B /* Sources */,
				1210AF1D19EF09A100BBAC4B /* Frameworks */,
				1210AF1E19EF09A100BBAC4B /* Resources */,
			);
			buildRules = (
			);
			dependencies = (
			);
			name = ZaHunter;
			productName = ZaHunter;
			productReference = 1210AF2019EF09A100BBAC4B /* ZaHunter.app */;
			productType = "com.apple.product-type.application";
		};
		1210AF3819EF09A100BBAC4B /* ZaHunterTests */ = {
			isa = PBXNativeTarget;
			buildConfigurationList = 1210AF4619EF09A100BBAC4B /* Build configuration list for PBXNativeTarget "ZaHunterTests" */;
			buildPhases = (
				1210AF3519EF09A100BBAC4B /* Sources */,
				1210AF3619EF09A100BBAC4B /* Frameworks */,
				1210AF3719EF09A100BBAC4B /* Resources */,
			);
			buildRules = (
			);
			dependencies = (
				1210AF3B19EF09A100BBAC4B /* PBXTargetDependency */,
			);
			name = ZaHunterTests;
			productName = ZaHunterTests;
			productReference = 1210AF3919EF09A100BBAC4B /* ZaHunterTests.xctest */;
			productType = "com.apple.product-type.bundle.unit-test";
		};
/* End PBXNativeTarget section */

/* Begin PBXProject section */
		1210AF1819EF09A100BBAC4B /* Project object */ = {
			isa = PBXProject;
			attributes = {
				LastUpgradeCheck = 0600;
				ORGANIZATIONNAME = "Ryan Siska";
				TargetAttributes = {
					1210AF1F19EF09A100BBAC4B = {
						CreatedOnToolsVersion = 6.0.1;
					};
					1210AF3819EF09A100BBAC4B = {
						CreatedOnToolsVersion = 6.0.1;
						TestTargetID = 1210AF1F19EF09A100BBAC4B;
					};
				};
			};
			buildConfigurationList = 1210AF1B19EF09A100BBAC4B /* Build configuration list for PBXProject "ZaHunter" */;
			compatibilityVersion = "Xcode 3.2";
			developmentRegion = English;
			hasScannedForEncodings = 0;
			knownRegions = (
				en,
				Base,
			);
			mainGroup = 1210AF1719EF09A100BBAC4B;
			productRefGroup = 1210AF2119EF09A100BBAC4B /* Products */;
			projectDirPath = "";
			projectRoot = "";
			targets = (
				1210AF1F19EF09A100BBAC4B /* ZaHunter */,
				1210AF3819EF09A100BBAC4B /* ZaHunterTests */,
			);
		};
/* End PBXProject section */

/* Begin PBXResourcesBuildPhase section */
		1210AF1E19EF09A100BBAC4B /* Resources */ = {
			isa = PBXResourcesBuildPhase;
			buildActionMask = 2147483647;
			files = (
				1210AF2F19EF09A100BBAC4B /* Main.storyboard in Resources */,
				1210AF3419EF09A100BBAC4B /* LaunchScreen.xib in Resources */,
				1210AF3119EF09A100BBAC4B /* Images.xcassets in Resources */,
			);
			runOnlyForDeploymentPostprocessing = 0;
		};
		1210AF3719EF09A100BBAC4B /* Resources */ = {
			isa = PBXResourcesBuildPhase;
			buildActionMask = 2147483647;
			files = (
			);
			runOnlyForDeploymentPostprocessing = 0;
		};
/* End PBXResourcesBuildPhase section */

/* Begin PBXSourcesBuildPhase section */
		1210AF1C19EF09A100BBAC4B /* Sources */ = {
			isa = PBXSourcesBuildPhase;
			buildActionMask = 2147483647;
			files = (
				1210AF2C19EF09A100BBAC4B /* ViewController.m in Sources */,
				1210AF2919EF09A100BBAC4B /* AppDelegate.m in Sources */,
				1210AF2619EF09A100BBAC4B /* main.m in Sources */,
			);
			runOnlyForDeploymentPostprocessing = 0;
		};
		1210AF3519EF09A100BBAC4B /* Sources */ = {
			isa = PBXSourcesBuildPhase;
			buildActionMask = 2147483647;
			files = (
				1210AF4019EF09A100BBAC4B /* ZaHunterTests.m in Sources */,
			);
			runOnlyForDeploymentPostprocessing = 0;
		};
/* End PBXSourcesBuildPhase section */

/* Begin PBXTargetDependency section */
		1210AF3B19EF09A100BBAC4B /* PBXTargetDependency */ = {
			isa = PBXTargetDependency;
			target = 1210AF1F19EF09A100BBAC4B /* ZaHunter */;
			targetProxy = 1210AF3A19EF09A100BBAC4B /* PBXContainerItemProxy */;
		};
/* End PBXTargetDependency section */

/* Begin PBXVariantGroup section */
		1210AF2D19EF09A100BBAC4B /* Main.storyboard */ = {
			isa = PBXVariantGroup;
			children = (
				1210AF2E19EF09A100BBAC4B /* Base */,
			);
			name = Main.storyboard;
			sourceTree = "<group>";
		};
		1210AF3219EF09A100BBAC4B /* LaunchScreen.xib */ = {
			isa = PBXVariantGroup;
			children = (
				1210AF3319EF09A100BBAC4B /* Base */,
			);
			name = LaunchScreen.xib;
			sourceTree = "<group>";
		};
/* End PBXVariantGroup section */

/* Begin XCBuildConfiguration section */
		1210AF4119EF09A100BBAC4B /* Debug */ = {
			isa = XCBuildConfiguration;
			buildSettings = {
				ALWAYS_SEARCH_USER_PATHS = NO;
				CLANG_CXX_LANGUAGE_STANDARD = "gnu++0x";
				CLANG_CXX_LIBRARY = "libc++";
				CLANG_ENABLE_MODULES = YES;
				CLANG_ENABLE_OBJC_ARC = YES;
				CLANG_WARN_BOOL_CONVERSION = YES;
				CLANG_WARN_CONSTANT_CONVERSION = YES;
				CLANG_WARN_DIRECT_OBJC_ISA_USAGE = YES_ERROR;
				CLANG_WARN_EMPTY_BODY = YES;
				CLANG_WARN_ENUM_CONVERSION = YES;
				CLANG_WARN_INT_CONVERSION = YES;
				CLANG_WARN_OBJC_ROOT_CLASS = YES_ERROR;
				CLANG_WARN_UNREACHABLE_CODE = YES;
				CLANG_WARN__DUPLICATE_METHOD_MATCH = YES;
				"CODE_SIGN_IDENTITY[sdk=iphoneos*]" = "iPhone Developer";
				COPY_PHASE_STRIP = NO;
				ENABLE_STRICT_OBJC_MSGSEND = YES;
				GCC_C_LANGUAGE_STANDARD = gnu99;
				GCC_DYNAMIC_NO_PIC = NO;
				GCC_OPTIMIZATION_LEVEL = 0;
				GCC_PREPROCESSOR_DEFINITIONS = (
					"DEBUG=1",
					"$(inherited)",
				);
				GCC_SYMBOLS_PRIVATE_EXTERN = NO;
				GCC_WARN_64_TO_32_BIT_CONVERSION = YES;
				GCC_WARN_ABOUT_RETURN_TYPE = YES_ERROR;
				GCC_WARN_UNDECLARED_SELECTOR = YES;
				GCC_WARN_UNINITIALIZED_AUTOS = YES_AGGRESSIVE;
				GCC_WARN_UNUSED_FUNCTION = YES;
				GCC_WARN_UNUSED_VARIABLE = YES;
				IPHONEOS_DEPLOYMENT_TARGET = 8.0;
				MTL_ENABLE_DEBUG_INFO = YES;
				ONLY_ACTIVE_ARCH = YES;
				SDKROOT = iphoneos;
			};
			name = Debug;
		};
		1210AF4219EF09A100BBAC4B /* Release */ = {
			isa = XCBuildConfiguration;
			buildSettings = {
				ALWAYS_SEARCH_USER_PATHS = NO;
				CLANG_CXX_LANGUAGE_STANDARD = "gnu++0x";
				CLANG_CXX_LIBRARY = "libc++";
				CLANG_ENABLE_MODULES = YES;
				CLANG_ENABLE_OBJC_ARC = YES;
				CLANG_WARN_BOOL_CONVERSION = YES;
				CLANG_WARN_CONSTANT_CONVERSION = YES;
				CLANG_WARN_DIRECT_OBJC_ISA_USAGE = YES_ERROR;
				CLANG_WARN_EMPTY_BODY = YES;
				CLANG_WARN_ENUM_CONVERSION = YES;
				CLANG_WARN_INT_CONVERSION = YES;
				CLANG_WARN_OBJC_ROOT_CLASS = YES_ERROR;
				CLANG_WARN_UNREACHABLE_CODE = YES;
				CLANG_WARN__DUPLICATE_METHOD_MATCH = YES;
				"CODE_SIGN_IDENTITY[sdk=iphoneos*]" = "iPhone Developer";
				COPY_PHASE_STRIP = YES;
				ENABLE_NS_ASSERTIONS = NO;
				ENABLE_STRICT_OBJC_MSGSEND = YES;
				GCC_C_LANGUAGE_STANDARD = gnu99;
				GCC_WARN_64_TO_32_BIT_CONVERSION = YES;
				GCC_WARN_ABOUT_RETURN_TYPE = YES_ERROR;
				GCC_WARN_UNDECLARED_SELECTOR = YES;
				GCC_WARN_UNINITIALIZED_AUTOS = YES_AGGRESSIVE;
				GCC_WARN_UNUSED_FUNCTION = YES;
				GCC_WARN_UNUSED_VARIABLE = YES;
				IPHONEOS_DEPLOYMENT_TARGET = 8.0;
				MTL_ENABLE_DEBUG_INFO = NO;
				SDKROOT = iphoneos;
				VALIDATE_PRODUCT = YES;
			};
			name = Release;
		};
		1210AF4419EF09A100BBAC4B /* Debug */ = {
			isa = XCBuildConfiguration;
			buildSettings = {
				ASSETCATALOG_COMPILER_APPICON_NAME = AppIcon;
				INFOPLIST_FILE = ZaHunter/Info.plist;
				LD_RUNPATH_SEARCH_PATHS = "$(inherited) @executable_path/Frameworks";
				PRODUCT_NAME = "$(TARGET_NAME)";
			};
			name = Debug;
		};
		1210AF4519EF09A100BBAC4B /* Release */ = {
			isa = XCBuildConfiguration;
			buildSettings = {
				ASSETCATALOG_COMPILER_APPICON_NAME = AppIcon;
				INFOPLIST_FILE = ZaHunter/Info.plist;
				LD_RUNPATH_SEARCH_PATHS = "$(inherited) @executable_path/Frameworks";
				PRODUCT_NAME = "$(TARGET_NAME)";
			};
			name = Release;
		};
		1210AF4719EF09A100BBAC4B /* Debug */ = {
			isa = XCBuildConfiguration;
			buildSettings = {
				BUNDLE_LOADER = "$(TEST_HOST)";
				FRAMEWORK_SEARCH_PATHS = (
					"$(SDKROOT)/Developer/Library/Frameworks",
					"$(inherited)",
				);
				GCC_PREPROCESSOR_DEFINITIONS = (
					"DEBUG=1",
					"$(inherited)",
				);
				INFOPLIST_FILE = ZaHunterTests/Info.plist;
				LD_RUNPATH_SEARCH_PATHS = "$(inherited) @executable_path/Frameworks @loader_path/Frameworks";
				PRODUCT_NAME = "$(TARGET_NAME)";
				TEST_HOST = "$(BUILT_PRODUCTS_DIR)/ZaHunter.app/ZaHunter";
			};
			name = Debug;
		};
		1210AF4819EF09A100BBAC4B /* Release */ = {
			isa = XCBuildConfiguration;
			buildSettings = {
				BUNDLE_LOADER = "$(TEST_HOST)";
				FRAMEWORK_SEARCH_PATHS = (
					"$(SDKROOT)/Developer/Library/Frameworks",
					"$(inherited)",
				);
				INFOPLIST_FILE = ZaHunterTests/Info.plist;
				LD_RUNPATH_SEARCH_PATHS = "$(inherited) @executable_path/Frameworks @loader_path/Frameworks";
				PRODUCT_NAME = "$(TARGET_NAME)";
				TEST_HOST = "$(BUILT_PRODUCTS_DIR)/ZaHunter.app/ZaHunter";
			};
			name = Release;
		};
/* End XCBuildConfiguration section */

/* Begin XCConfigurationList section */
		1210AF1B19EF09A100BBAC4B /* Build configuration list for PBXProject "ZaHunter" */ = {
			isa = XCConfigurationList;
			buildConfigurations = (
				1210AF4119EF09A100BBAC4B /* Debug */,
				1210AF4219EF09A100BBAC4B /* Release */,
			);
			defaultConfigurationIsVisible = 0;
			defaultConfigurationName = Release;
		};
		1210AF4319EF09A100BBAC4B /* Build configuration list for PBXNativeTarget "ZaHunter" */ = {
			isa = XCConfigurationList;
			buildConfigurations = (
				1210AF4419EF09A100BBAC4B /* Debug */,
				1210AF4519EF09A100BBAC4B /* Release */,
			);
			defaultConfigurationIsVisible = 0;
		};
		1210AF4619EF09A100BBAC4B /* Build configuration list for PBXNativeTarget "ZaHunterTests" */ = {
			isa = XCConfigurationList;
			buildConfigurations = (
				1210AF4719EF09A100BBAC4B /* Debug */,
				1210AF4819EF09A100BBAC4B /* Release */,
			);
			defaultConfigurationIsVisible = 0;
		};
/* End XCConfigurationList section */
	};
	rootObject = 1210AF1819EF09A100BBAC4B /* Project object */;
}
